
Microsoft Visual Studio Solution File, Format Version 12.00
# Visual Studio Version 16
VisualStudioVersion = 16.0.29324.140
MinimumVisualStudioVersion = 10.0.40219.1
Project("{FAE04EC0-301F-11D3-BF4B-00C04F79EFBC}") = "Payment.Domain", "Payment.Domain\Payment.Domain\Payment.Domain.csproj", "{9B9CB56D-6919-45C9-9DFC-3AE262D78CD6}"
EndProject
Project("{FAE04EC0-301F-11D3-BF4B-00C04F79EFBC}") = "Payment.Infrastructure", "Payment.Infrastructure\Payment.Infrastructure\Payment.Infrastructure.csproj", "{50E15918-145A-454A-9851-FFD181C6ECE6}"
EndProject
Project("{FAE04EC0-301F-11D3-BF4B-00C04F79EFBC}") = "Payment.API", "Payment.API\Payment.API\Payment.API.csproj", "{A1A272B2-1D3E-4DF9-BB48-D67A590914BB}"
EndProject
Global
	GlobalSection(SolutionConfigurationPlatforms) = preSolution
		Debug|Any CPU = Debug|Any CPU
		Release|Any CPU = Release|Any CPU
	EndGlobalSection
	GlobalSection(ProjectConfigurationPlatforms) = postSolution
		{9B9CB56D-6919-45C9-9DFC-3AE262D78CD6}.Debug|Any CPU.ActiveCfg = Debug|Any CPU
		{9B9CB56D-6919-45C9-9DFC-3AE262D78CD6}.Debug|Any CPU.Build.0 = Debug|Any CPU
		{9B9CB56D-6919-45C9-9DFC-3AE262D78CD6}.Release|Any CPU.ActiveCfg = Release|Any CPU
		{9B9CB56D-6919-45C9-9DFC-3AE262D78CD6}.Release|Any CPU.Build.0 = Release|Any CPU
		{50E15918-145A-454A-9851-FFD181C6ECE6}.Debug|Any CPU.ActiveCfg = Debug|Any CPU
		{50E15918-145A-454A-9851-FFD181C6ECE6}.Debug|Any CPU.Build.0 = Debug|Any CPU
		{50E15918-145A-454A-9851-FFD181C6ECE6}.Release|Any CPU.ActiveCfg = Release|Any CPU
		{50E15918-145A-454A-9851-FFD181C6ECE6}.Release|Any CPU.Build.0 = Release|Any CPU
		{A1A272B2-1D3E-4DF9-BB48-D67A590914BB}.Debug|Any CPU.ActiveCfg = Debug|Any CPU
		{A1A272B2-1D3E-4DF9-BB48-D67A590914BB}.Debug|Any CPU.Build.0 = Debug|Any CPU
		{A1A272B2-1D3E-4DF9-BB48-D67A590914BB}.Release|Any CPU.ActiveCfg = Release|Any CPU
		{A1A272B2-1D3E-4DF9-BB48-D67A590914BB}.Release|Any CPU.Build.0 = Release|Any CPU
	EndGlobalSection
	GlobalSection(SolutionProperties) = preSolution
		HideSolutionNode = FALSE
	EndGlobalSection
	GlobalSection(ExtensibilityGlobals) = postSolution
		SolutionGuid = {9343F419-95E4-4596-88F8-263C60B8536F}
	EndGlobalSection
EndGlobal
